
Microsoft Visual Studio Solution File, Format Version 12.00
# Visual Studio Version 17
VisualStudioVersion = 17.10.34928.147
MinimumVisualStudioVersion = 10.0.40219.1
Project("{FAE04EC0-301F-11D3-BF4B-00C04F79EFBC}") = "Ola-Abidoye-Test.Web", "Ola-Abidoye-Test.Web\Ola-Abidoye-Test.Web.csproj", "{08FCF38A-5A90-4A7B-92AB-2A510D327B3A}"
EndProject
Global
	GlobalSection(SolutionConfigurationPlatforms) = preSolution
		Debug|Any CPU = Debug|Any CPU
		Release|Any CPU = Release|Any CPU
	EndGlobalSection
	GlobalSection(ProjectConfigurationPlatforms) = postSolution
		{08FCF38A-5A90-4A7B-92AB-2A510D327B3A}.Debug|Any CPU.ActiveCfg = Debug|Any CPU
		{08FCF38A-5A90-4A7B-92AB-2A510D327B3A}.Debug|Any CPU.Build.0 = Debug|Any CPU
		{08FCF38A-5A90-4A7B-92AB-2A510D327B3A}.Release|Any CPU.ActiveCfg = Release|Any CPU
		{08FCF38A-5A90-4A7B-92AB-2A510D327B3A}.Release|Any CPU.Build.0 = Release|Any CPU
	EndGlobalSection
	GlobalSection(SolutionProperties) = preSolution
		HideSolutionNode = FALSE
	EndGlobalSection
	GlobalSection(ExtensibilityGlobals) = postSolution
		SolutionGuid = {A56F6E67-9D43-4C66-85D6-21179C8DE6AF}
	EndGlobalSection
EndGlobal
